
Microsoft Visual Studio Solution File, Format Version 12.00
# Visual Studio Version 16
VisualStudioVersion = 16.0.30717.126
MinimumVisualStudioVersion = 10.0.40219.1
Project("{FAE04EC0-301F-11D3-BF4B-00C04F79EFBC}") = "ElméletBeadando0412", "ElméletBeadando0412\ElméletBeadando0412.csproj", "{C87F2413-E4ED-4F50-872F-55F03E93B047}"
EndProject
Global
	GlobalSection(SolutionConfigurationPlatforms) = preSolution
		Debug|Any CPU = Debug|Any CPU
		Release|Any CPU = Release|Any CPU
	EndGlobalSection
	GlobalSection(ProjectConfigurationPlatforms) = postSolution
		{C87F2413-E4ED-4F50-872F-55F03E93B047}.Debug|Any CPU.ActiveCfg = Debug|Any CPU
		{C87F2413-E4ED-4F50-872F-55F03E93B047}.Debug|Any CPU.Build.0 = Debug|Any CPU
		{C87F2413-E4ED-4F50-872F-55F03E93B047}.Release|Any CPU.ActiveCfg = Release|Any CPU
		{C87F2413-E4ED-4F50-872F-55F03E93B047}.Release|Any CPU.Build.0 = Release|Any CPU
	EndGlobalSection
	GlobalSection(SolutionProperties) = preSolution
		HideSolutionNode = FALSE
	EndGlobalSection
	GlobalSection(ExtensibilityGlobals) = postSolution
		SolutionGuid = {0B46089F-9977-43DD-B506-C1ADAD637E02}
	EndGlobalSection
EndGlobal
